// !$*UTF8*$!
{
	archiveVersion = 1;
	classes = {
	};
	objectVersion = 56;
	objects = {

/* Begin PBXBuildFile section */
		D02EC10F2B71C86900B67501 /* FilterBox.swift in Sources */ = {isa = PBXBuildFile; fileRef = D02EC10E2B71C86900B67501 /* FilterBox.swift */; };
		D02EC1112B71C89900B67501 /* FilterData.swift in Sources */ = {isa = PBXBuildFile; fileRef = D02EC1102B71C89900B67501 /* FilterData.swift */; };
		D02EC1152B71CC6800B67501 /* FilterViewModel.swift in Sources */ = {isa = PBXBuildFile; fileRef = D02EC1142B71CC6800B67501 /* FilterViewModel.swift */; };
		D02EC1192B71CC9A00B67501 /* FilterViewData.swift in Sources */ = {isa = PBXBuildFile; fileRef = D02EC1182B71CC9A00B67501 /* FilterViewData.swift */; };
		D02EC11B2B71D20C00B67501 /* FilterButton.swift in Sources */ = {isa = PBXBuildFile; fileRef = D02EC11A2B71D20C00B67501 /* FilterButton.swift */; };
		D02EC11E2B72137A00B67501 /* ReportProfileBox.swift in Sources */ = {isa = PBXBuildFile; fileRef = D02EC11D2B72137A00B67501 /* ReportProfileBox.swift */; };
		D02EC1202B72143300B67501 /* ProfileBox.swift in Sources */ = {isa = PBXBuildFile; fileRef = D02EC11F2B72143300B67501 /* ProfileBox.swift */; };
		D0BEC3132B6B79E50050E007 /* UpnBeApp.swift in Sources */ = {isa = PBXBuildFile; fileRef = D0BEC3122B6B79E50050E007 /* UpnBeApp.swift */; };
		D0BEC3152B6B79E50050E007 /* ContentView.swift in Sources */ = {isa = PBXBuildFile; fileRef = D0BEC3142B6B79E50050E007 /* ContentView.swift */; };
		D0BEC3172B6B79E60050E007 /* Assets.xcassets in Resources */ = {isa = PBXBuildFile; fileRef = D0BEC3162B6B79E60050E007 /* Assets.xcassets */; };
		D0BEC31A2B6B79E60050E007 /* Preview Assets.xcassets in Resources */ = {isa = PBXBuildFile; fileRef = D0BEC3192B6B79E60050E007 /* Preview Assets.xcassets */; };
		D0BEC3212B6B7C500050E007 /* Color.swift in Sources */ = {isa = PBXBuildFile; fileRef = D0BEC3202B6B7C500050E007 /* Color.swift */; };
		D0BEC3252B6B82820050E007 /* Font.swift in Sources */ = {isa = PBXBuildFile; fileRef = D0BEC3242B6B82820050E007 /* Font.swift */; };
		D0BEC32E2B6B86540050E007 /* NotoSans-ExtraBold.ttf in Resources */ = {isa = PBXBuildFile; fileRef = D0BEC3292B6B86540050E007 /* NotoSans-ExtraBold.ttf */; };
		D0BEC32F2B6B86540050E007 /* NotoSans-Medium.ttf in Resources */ = {isa = PBXBuildFile; fileRef = D0BEC32B2B6B86540050E007 /* NotoSans-Medium.ttf */; };
		D0BEC3342B6B89420050E007 /* TwoButtonBottomSheet.swift in Sources */ = {isa = PBXBuildFile; fileRef = D0BEC3332B6B89420050E007 /* TwoButtonBottomSheet.swift */; };
		D0BEC3362B6C81AF0050E007 /* OneButtonBottomSheet.swift in Sources */ = {isa = PBXBuildFile; fileRef = D0BEC3352B6C81AF0050E007 /* OneButtonBottomSheet.swift */; };
		D0BEC3392B6CBDC50050E007 /* Color1Button.swift in Sources */ = {isa = PBXBuildFile; fileRef = D0BEC3382B6CBDC50050E007 /* Color1Button.swift */; };
		D0BEC33B2B6CBDD00050E007 /* BackgroundColorButton.swift in Sources */ = {isa = PBXBuildFile; fileRef = D0BEC33A2B6CBDD00050E007 /* BackgroundColorButton.swift */; };
		D0BEC3422B6CC9BE0050E007 /* SheetModifier.swift in Sources */ = {isa = PBXBuildFile; fileRef = D0BEC3412B6CC9BE0050E007 /* SheetModifier.swift */; };
		D0BEC3452B6CCBD20050E007 /* CommonTextField.swift in Sources */ = {isa = PBXBuildFile; fileRef = D0BEC3442B6CCBD20050E007 /* CommonTextField.swift */; };
		D0BEC34A2B6CE0010050E007 /* LaunchView.swift in Sources */ = {isa = PBXBuildFile; fileRef = D0BEC3492B6CE0010050E007 /* LaunchView.swift */; };
		D0BEC34E2B6CE56A0050E007 /* OnboardingChoiceView.swift in Sources */ = {isa = PBXBuildFile; fileRef = D0BEC34D2B6CE56A0050E007 /* OnboardingChoiceView.swift */; };
		D0BEC3512B6D072C0050E007 /* SportsType.swift in Sources */ = {isa = PBXBuildFile; fileRef = D0BEC3502B6D072C0050E007 /* SportsType.swift */; };
		D0BEC3532B70737C0050E007 /* OnboardingReadyView.swift in Sources */ = {isa = PBXBuildFile; fileRef = D0BEC3522B70737C0050E007 /* OnboardingReadyView.swift */; };
		D0BEC35A2B70A81E0050E007 /* TabsView.swift in Sources */ = {isa = PBXBuildFile; fileRef = D0BEC3592B70A81E0050E007 /* TabsView.swift */; };
		D0BEC35C2B70A8B90050E007 /* ShortFormView.swift in Sources */ = {isa = PBXBuildFile; fileRef = D0BEC35B2B70A8B90050E007 /* ShortFormView.swift */; };
		D0BEC3622B70A8F90050E007 /* ReportView.swift in Sources */ = {isa = PBXBuildFile; fileRef = D0BEC3612B70A8F90050E007 /* ReportView.swift */; };
		D0BEC3642B70A9030050E007 /* ProfileView.swift in Sources */ = {isa = PBXBuildFile; fileRef = D0BEC3632B70A9030050E007 /* ProfileView.swift */; };
		D0BEC3672B70A90F0050E007 /* SaveView.swift in Sources */ = {isa = PBXBuildFile; fileRef = D0BEC3662B70A90F0050E007 /* SaveView.swift */; };
		D0BEC36A2B70A9210050E007 /* FilterView.swift in Sources */ = {isa = PBXBuildFile; fileRef = D0BEC3692B70A9210050E007 /* FilterView.swift */; };
		D0BEC36F2B70C6E20050E007 /* ProgressBar.swift in Sources */ = {isa = PBXBuildFile; fileRef = D0BEC36E2B70C6E20050E007 /* ProgressBar.swift */; };
/* End PBXBuildFile section */

/* Begin PBXFileReference section */
		D02EC10E2B71C86900B67501 /* FilterBox.swift */ = {isa = PBXFileReference; lastKnownFileType = sourcecode.swift; path = FilterBox.swift; sourceTree = "<group>"; };
		D02EC1102B71C89900B67501 /* FilterData.swift */ = {isa = PBXFileReference; lastKnownFileType = sourcecode.swift; path = FilterData.swift; sourceTree = "<group>"; };
		D02EC1142B71CC6800B67501 /* FilterViewModel.swift */ = {isa = PBXFileReference; lastKnownFileType = sourcecode.swift; path = FilterViewModel.swift; sourceTree = "<group>"; };
		D02EC1182B71CC9A00B67501 /* FilterViewData.swift */ = {isa = PBXFileReference; lastKnownFileType = sourcecode.swift; path = FilterViewData.swift; sourceTree = "<group>"; };
		D02EC11A2B71D20C00B67501 /* FilterButton.swift */ = {isa = PBXFileReference; lastKnownFileType = sourcecode.swift; path = FilterButton.swift; sourceTree = "<group>"; };
		D02EC11D2B72137A00B67501 /* ReportProfileBox.swift */ = {isa = PBXFileReference; lastKnownFileType = sourcecode.swift; path = ReportProfileBox.swift; sourceTree = "<group>"; };
		D02EC11F2B72143300B67501 /* ProfileBox.swift */ = {isa = PBXFileReference; lastKnownFileType = sourcecode.swift; path = ProfileBox.swift; sourceTree = "<group>"; };
		D0BEC30F2B6B79E50050E007 /* UpnBe.app */ = {isa = PBXFileReference; explicitFileType = wrapper.application; includeInIndex = 0; path = UpnBe.app; sourceTree = BUILT_PRODUCTS_DIR; };
		D0BEC3122B6B79E50050E007 /* UpnBeApp.swift */ = {isa = PBXFileReference; lastKnownFileType = sourcecode.swift; path = UpnBeApp.swift; sourceTree = "<group>"; };
		D0BEC3142B6B79E50050E007 /* ContentView.swift */ = {isa = PBXFileReference; lastKnownFileType = sourcecode.swift; path = ContentView.swift; sourceTree = "<group>"; };
		D0BEC3162B6B79E60050E007 /* Assets.xcassets */ = {isa = PBXFileReference; lastKnownFileType = folder.assetcatalog; path = Assets.xcassets; sourceTree = "<group>"; };
		D0BEC3192B6B79E60050E007 /* Preview Assets.xcassets */ = {isa = PBXFileReference; lastKnownFileType = folder.assetcatalog; path = "Preview Assets.xcassets"; sourceTree = "<group>"; };
		D0BEC3202B6B7C500050E007 /* Color.swift */ = {isa = PBXFileReference; lastKnownFileType = sourcecode.swift; path = Color.swift; sourceTree = "<group>"; };
		D0BEC3242B6B82820050E007 /* Font.swift */ = {isa = PBXFileReference; lastKnownFileType = sourcecode.swift; path = Font.swift; sourceTree = "<group>"; };
		D0BEC3292B6B86540050E007 /* NotoSans-ExtraBold.ttf */ = {isa = PBXFileReference; lastKnownFileType = file; path = "NotoSans-ExtraBold.ttf"; sourceTree = "<group>"; };
		D0BEC32B2B6B86540050E007 /* NotoSans-Medium.ttf */ = {isa = PBXFileReference; lastKnownFileType = file; path = "NotoSans-Medium.ttf"; sourceTree = "<group>"; };
		D0BEC3312B6B86920050E007 /* Info.plist */ = {isa = PBXFileReference; lastKnownFileType = text.plist.xml; path = Info.plist; sourceTree = "<group>"; };
		D0BEC3332B6B89420050E007 /* TwoButtonBottomSheet.swift */ = {isa = PBXFileReference; lastKnownFileType = sourcecode.swift; path = TwoButtonBottomSheet.swift; sourceTree = "<group>"; };
		D0BEC3352B6C81AF0050E007 /* OneButtonBottomSheet.swift */ = {isa = PBXFileReference; lastKnownFileType = sourcecode.swift; path = OneButtonBottomSheet.swift; sourceTree = "<group>"; };
		D0BEC3382B6CBDC50050E007 /* Color1Button.swift */ = {isa = PBXFileReference; lastKnownFileType = sourcecode.swift; path = Color1Button.swift; sourceTree = "<group>"; };
		D0BEC33A2B6CBDD00050E007 /* BackgroundColorButton.swift */ = {isa = PBXFileReference; lastKnownFileType = sourcecode.swift; path = BackgroundColorButton.swift; sourceTree = "<group>"; };
		D0BEC3412B6CC9BE0050E007 /* SheetModifier.swift */ = {isa = PBXFileReference; lastKnownFileType = sourcecode.swift; path = SheetModifier.swift; sourceTree = "<group>"; };
		D0BEC3442B6CCBD20050E007 /* CommonTextField.swift */ = {isa = PBXFileReference; lastKnownFileType = sourcecode.swift; path = CommonTextField.swift; sourceTree = "<group>"; };
		D0BEC3492B6CE0010050E007 /* LaunchView.swift */ = {isa = PBXFileReference; lastKnownFileType = sourcecode.swift; path = LaunchView.swift; sourceTree = "<group>"; };
		D0BEC34D2B6CE56A0050E007 /* OnboardingChoiceView.swift */ = {isa = PBXFileReference; lastKnownFileType = sourcecode.swift; path = OnboardingChoiceView.swift; sourceTree = "<group>"; };
		D0BEC3502B6D072C0050E007 /* SportsType.swift */ = {isa = PBXFileReference; lastKnownFileType = sourcecode.swift; path = SportsType.swift; sourceTree = "<group>"; };
		D0BEC3522B70737C0050E007 /* OnboardingReadyView.swift */ = {isa = PBXFileReference; lastKnownFileType = sourcecode.swift; path = OnboardingReadyView.swift; sourceTree = "<group>"; };
		D0BEC3592B70A81E0050E007 /* TabsView.swift */ = {isa = PBXFileReference; lastKnownFileType = sourcecode.swift; path = TabsView.swift; sourceTree = "<group>"; };
		D0BEC35B2B70A8B90050E007 /* ShortFormView.swift */ = {isa = PBXFileReference; lastKnownFileType = sourcecode.swift; path = ShortFormView.swift; sourceTree = "<group>"; };
		D0BEC3612B70A8F90050E007 /* ReportView.swift */ = {isa = PBXFileReference; lastKnownFileType = sourcecode.swift; path = ReportView.swift; sourceTree = "<group>"; };
		D0BEC3632B70A9030050E007 /* ProfileView.swift */ = {isa = PBXFileReference; lastKnownFileType = sourcecode.swift; path = ProfileView.swift; sourceTree = "<group>"; };
		D0BEC3662B70A90F0050E007 /* SaveView.swift */ = {isa = PBXFileReference; lastKnownFileType = sourcecode.swift; path = SaveView.swift; sourceTree = "<group>"; };
		D0BEC3692B70A9210050E007 /* FilterView.swift */ = {isa = PBXFileReference; lastKnownFileType = sourcecode.swift; path = FilterView.swift; sourceTree = "<group>"; };
		D0BEC36E2B70C6E20050E007 /* ProgressBar.swift */ = {isa = PBXFileReference; lastKnownFileType = sourcecode.swift; path = ProgressBar.swift; sourceTree = "<group>"; };
/* End PBXFileReference section */

/* Begin PBXFrameworksBuildPhase section */
		D0BEC30C2B6B79E50050E007 /* Frameworks */ = {
			isa = PBXFrameworksBuildPhase;
			buildActionMask = 2147483647;
			files = (
			);
			runOnlyForDeploymentPostprocessing = 0;
		};
/* End PBXFrameworksBuildPhase section */

/* Begin PBXGroup section */
		D02EC1122B71C8D000B67501 /* Model */ = {
			isa = PBXGroup;
			children = (
				D02EC1162B71CC7100B67501 /* DTO */,
				D02EC1182B71CC9A00B67501 /* FilterViewData.swift */,
			);
			path = Model;
			sourceTree = "<group>";
		};
		D02EC1132B71CC5400B67501 /* ViewModel */ = {
			isa = PBXGroup;
			children = (
				D02EC1142B71CC6800B67501 /* FilterViewModel.swift */,
			);
			path = ViewModel;
			sourceTree = "<group>";
		};
		D02EC1162B71CC7100B67501 /* DTO */ = {
			isa = PBXGroup;
			children = (
				D02EC1102B71C89900B67501 /* FilterData.swift */,
			);
			path = DTO;
			sourceTree = "<group>";
		};
		D0BEC3062B6B79E50050E007 = {
			isa = PBXGroup;
			children = (
				D0BEC3112B6B79E50050E007 /* UpnBe */,
				D0BEC3102B6B79E50050E007 /* Products */,
			);
			sourceTree = "<group>";
		};
		D0BEC3102B6B79E50050E007 /* Products */ = {
			isa = PBXGroup;
			children = (
				D0BEC30F2B6B79E50050E007 /* UpnBe.app */,
			);
			name = Products;
			sourceTree = "<group>";
		};
		D0BEC3112B6B79E50050E007 /* UpnBe */ = {
			isa = PBXGroup;
			children = (
				D0BEC3122B6B79E50050E007 /* UpnBeApp.swift */,
				D02EC1122B71C8D000B67501 /* Model */,
				D02EC1132B71CC5400B67501 /* ViewModel */,
				D0BEC3482B6CDFED0050E007 /* Views */,
				D0BEC3322B6B891E0050E007 /* Components */,
				D0BEC3222B6B7C580050E007 /* Constants */,
				D0BEC3232B6B81880050E007 /* Resources */,
				D0BEC3472B6CDD530050E007 /* Applications */,
				D0BEC3182B6B79E60050E007 /* Preview Content */,
			);
			path = UpnBe;
			sourceTree = "<group>";
		};
		D0BEC3182B6B79E60050E007 /* Preview Content */ = {
			isa = PBXGroup;
			children = (
				D0BEC3192B6B79E60050E007 /* Preview Assets.xcassets */,
			);
			path = "Preview Content";
			sourceTree = "<group>";
		};
		D0BEC3222B6B7C580050E007 /* Constants */ = {
			isa = PBXGroup;
			children = (
				D0BEC3202B6B7C500050E007 /* Color.swift */,
				D0BEC3242B6B82820050E007 /* Font.swift */,
			);
			path = Constants;
			sourceTree = "<group>";
		};
		D0BEC3232B6B81880050E007 /* Resources */ = {
			isa = PBXGroup;
			children = (
				D0BEC34B2B6CE3A70050E007 /* Fonts */,
				D0BEC3162B6B79E60050E007 /* Assets.xcassets */,
				D0BEC3312B6B86920050E007 /* Info.plist */,
			);
			path = Resources;
			sourceTree = "<group>";
		};
		D0BEC3322B6B891E0050E007 /* Components */ = {
			isa = PBXGroup;
			children = (
				D0BEC3462B6CCF810050E007 /* TextFields */,
				D0BEC3432B6CCAFC0050E007 /* Sheets */,
				D0BEC3372B6CBDAF0050E007 /* Buttons */,
				D0BEC33C2B6CC19D0050E007 /* Modifiers */,
			);
			path = Components;
			sourceTree = "<group>";
		};
		D0BEC3372B6CBDAF0050E007 /* Buttons */ = {
			isa = PBXGroup;
			children = (
				D0BEC3382B6CBDC50050E007 /* Color1Button.swift */,
				D0BEC33A2B6CBDD00050E007 /* BackgroundColorButton.swift */,
			);
			path = Buttons;
			sourceTree = "<group>";
		};
		D0BEC33C2B6CC19D0050E007 /* Modifiers */ = {
			isa = PBXGroup;
			children = (
				D0BEC3412B6CC9BE0050E007 /* SheetModifier.swift */,
			);
			path = Modifiers;
			sourceTree = "<group>";
		};
		D0BEC3432B6CCAFC0050E007 /* Sheets */ = {
			isa = PBXGroup;
			children = (
				D0BEC3352B6C81AF0050E007 /* OneButtonBottomSheet.swift */,
				D0BEC3332B6B89420050E007 /* TwoButtonBottomSheet.swift */,
			);
			path = Sheets;
			sourceTree = "<group>";
		};
		D0BEC3462B6CCF810050E007 /* TextFields */ = {
			isa = PBXGroup;
			children = (
				D0BEC3442B6CCBD20050E007 /* CommonTextField.swift */,
			);
			path = TextFields;
			sourceTree = "<group>";
		};
		D0BEC3472B6CDD530050E007 /* Applications */ = {
			isa = PBXGroup;
			children = (
			);
			path = Applications;
			sourceTree = "<group>";
		};
		D0BEC3482B6CDFED0050E007 /* Views */ = {
			isa = PBXGroup;
			children = (
				D0BEC3572B70A7EF0050E007 /* MainTabViews */,
				D0BEC34C2B6CE4E60050E007 /* OnboardingViews */,
				D0BEC3492B6CE0010050E007 /* LaunchView.swift */,
				D0BEC3142B6B79E50050E007 /* ContentView.swift */,
			);
			path = Views;
			sourceTree = "<group>";
		};
		D0BEC34B2B6CE3A70050E007 /* Fonts */ = {
			isa = PBXGroup;
			children = (
				D0BEC3292B6B86540050E007 /* NotoSans-ExtraBold.ttf */,
				D0BEC32B2B6B86540050E007 /* NotoSans-Medium.ttf */,
			);
			path = Fonts;
			sourceTree = "<group>";
		};
		D0BEC34C2B6CE4E60050E007 /* OnboardingViews */ = {
			isa = PBXGroup;
			children = (
				D0BEC34F2B6D071D0050E007 /* Enum */,
				D0BEC34D2B6CE56A0050E007 /* OnboardingChoiceView.swift */,
				D0BEC3522B70737C0050E007 /* OnboardingReadyView.swift */,
			);
			path = OnboardingViews;
			sourceTree = "<group>";
		};
		D0BEC34F2B6D071D0050E007 /* Enum */ = {
			isa = PBXGroup;
			children = (
				D0BEC3502B6D072C0050E007 /* SportsType.swift */,
			);
			path = Enum;
			sourceTree = "<group>";
		};
		D0BEC3572B70A7EF0050E007 /* MainTabViews */ = {
			isa = PBXGroup;
			children = (
				D0BEC35E2B70A8CE0050E007 /* ProfileTab */,
				D0BEC35D2B70A8BF0050E007 /* ReportTab */,
				D0BEC3582B70A7F90050E007 /* ShortFormTab */,
				D0BEC35F2B70A8DB0050E007 /* SaveTab */,
				D0BEC3602B70A8E00050E007 /* FilterTab */,
				D0BEC3592B70A81E0050E007 /* TabsView.swift */,
			);
			path = MainTabViews;
			sourceTree = "<group>";
		};
		D0BEC3582B70A7F90050E007 /* ShortFormTab */ = {
			isa = PBXGroup;
			children = (
				D0BEC35B2B70A8B90050E007 /* ShortFormView.swift */,
			);
			path = ShortFormTab;
			sourceTree = "<group>";
		};
		D0BEC35D2B70A8BF0050E007 /* ReportTab */ = {
			isa = PBXGroup;
			children = (
				D0BEC3612B70A8F90050E007 /* ReportView.swift */,
				D0BEC36E2B70C6E20050E007 /* ProgressBar.swift */,
				D02EC11D2B72137A00B67501 /* ReportProfileBox.swift */,
			);
			path = ReportTab;
			sourceTree = "<group>";
		};
		D0BEC35E2B70A8CE0050E007 /* ProfileTab */ = {
			isa = PBXGroup;
			children = (
				D0BEC3632B70A9030050E007 /* ProfileView.swift */,
				D02EC11F2B72143300B67501 /* ProfileBox.swift */,
			);
			path = ProfileTab;
			sourceTree = "<group>";
		};
		D0BEC35F2B70A8DB0050E007 /* SaveTab */ = {
			isa = PBXGroup;
			children = (
				D0BEC3662B70A90F0050E007 /* SaveView.swift */,
			);
			path = SaveTab;
			sourceTree = "<group>";
		};
		D0BEC3602B70A8E00050E007 /* FilterTab */ = {
			isa = PBXGroup;
			children = (
				D0BEC3692B70A9210050E007 /* FilterView.swift */,
				D02EC10E2B71C86900B67501 /* FilterBox.swift */,
				D02EC11A2B71D20C00B67501 /* FilterButton.swift */,
			);
			path = FilterTab;
			sourceTree = "<group>";
		};
/* End PBXGroup section */

/* Begin PBXNativeTarget section */
		D0BEC30E2B6B79E50050E007 /* UpnBe */ = {
			isa = PBXNativeTarget;
			buildConfigurationList = D0BEC31D2B6B79E60050E007 /* Build configuration list for PBXNativeTarget "UpnBe" */;
			buildPhases = (
				D0BEC30B2B6B79E50050E007 /* Sources */,
				D0BEC30C2B6B79E50050E007 /* Frameworks */,
				D0BEC30D2B6B79E50050E007 /* Resources */,
			);
			buildRules = (
			);
			dependencies = (
			);
			name = UpnBe;
			productName = UpnBe;
			productReference = D0BEC30F2B6B79E50050E007 /* UpnBe.app */;
			productType = "com.apple.product-type.application";
		};
/* End PBXNativeTarget section */

/* Begin PBXProject section */
		D0BEC3072B6B79E50050E007 /* Project object */ = {
			isa = PBXProject;
			attributes = {
				BuildIndependentTargetsInParallel = 1;
				LastSwiftUpdateCheck = 1430;
				LastUpgradeCheck = 1430;
				TargetAttributes = {
					D0BEC30E2B6B79E50050E007 = {
						CreatedOnToolsVersion = 14.3.1;
					};
				};
			};
			buildConfigurationList = D0BEC30A2B6B79E50050E007 /* Build configuration list for PBXProject "UpnBe" */;
			compatibilityVersion = "Xcode 14.0";
			developmentRegion = en;
			hasScannedForEncodings = 0;
			knownRegions = (
				en,
				Base,
			);
			mainGroup = D0BEC3062B6B79E50050E007;
			productRefGroup = D0BEC3102B6B79E50050E007 /* Products */;
			projectDirPath = "";
			projectRoot = "";
			targets = (
				D0BEC30E2B6B79E50050E007 /* UpnBe */,
			);
		};
/* End PBXProject section */

/* Begin PBXResourcesBuildPhase section */
		D0BEC30D2B6B79E50050E007 /* Resources */ = {
			isa = PBXResourcesBuildPhase;
			buildActionMask = 2147483647;
			files = (
				D0BEC31A2B6B79E60050E007 /* Preview Assets.xcassets in Resources */,
				D0BEC32E2B6B86540050E007 /* NotoSans-ExtraBold.ttf in Resources */,
				D0BEC3172B6B79E60050E007 /* Assets.xcassets in Resources */,
				D0BEC32F2B6B86540050E007 /* NotoSans-Medium.ttf in Resources */,
			);
			runOnlyForDeploymentPostprocessing = 0;
		};
/* End PBXResourcesBuildPhase section */

/* Begin PBXSourcesBuildPhase section */
		D0BEC30B2B6B79E50050E007 /* Sources */ = {
			isa = PBXSourcesBuildPhase;
			buildActionMask = 2147483647;
			files = (
				D02EC1112B71C89900B67501 /* FilterData.swift in Sources */,
				D0BEC3252B6B82820050E007 /* Font.swift in Sources */,
				D0BEC34A2B6CE0010050E007 /* LaunchView.swift in Sources */,
				D0BEC3342B6B89420050E007 /* TwoButtonBottomSheet.swift in Sources */,
				D0BEC3152B6B79E50050E007 /* ContentView.swift in Sources */,
				D0BEC3392B6CBDC50050E007 /* Color1Button.swift in Sources */,
				D0BEC3212B6B7C500050E007 /* Color.swift in Sources */,
				D0BEC34E2B6CE56A0050E007 /* OnboardingChoiceView.swift in Sources */,
				D0BEC3622B70A8F90050E007 /* ReportView.swift in Sources */,
				D0BEC36A2B70A9210050E007 /* FilterView.swift in Sources */,
				D02EC1152B71CC6800B67501 /* FilterViewModel.swift in Sources */,
				D02EC11B2B71D20C00B67501 /* FilterButton.swift in Sources */,
				D0BEC3132B6B79E50050E007 /* UpnBeApp.swift in Sources */,
				D0BEC3362B6C81AF0050E007 /* OneButtonBottomSheet.swift in Sources */,
				D0BEC3642B70A9030050E007 /* ProfileView.swift in Sources */,
				D02EC11E2B72137A00B67501 /* ReportProfileBox.swift in Sources */,
				D0BEC35A2B70A81E0050E007 /* TabsView.swift in Sources */,
				D0BEC36F2B70C6E20050E007 /* ProgressBar.swift in Sources */,
				D0BEC33B2B6CBDD00050E007 /* BackgroundColorButton.swift in Sources */,
				D0BEC3512B6D072C0050E007 /* SportsType.swift in Sources */,
				D0BEC35C2B70A8B90050E007 /* ShortFormView.swift in Sources */,
				D02EC1202B72143300B67501 /* ProfileBox.swift in Sources */,
				D02EC1192B71CC9A00B67501 /* FilterViewData.swift in Sources */,
				D0BEC3532B70737C0050E007 /* OnboardingReadyView.swift in Sources */,
				D0BEC3452B6CCBD20050E007 /* CommonTextField.swift in Sources */,
				D0BEC3422B6CC9BE0050E007 /* SheetModifier.swift in Sources */,
				D0BEC3672B70A90F0050E007 /* SaveView.swift in Sources */,
				D02EC10F2B71C86900B67501 /* FilterBox.swift in Sources */,
			);
			runOnlyForDeploymentPostprocessing = 0;
		};
/* End PBXSourcesBuildPhase section */

/* Begin XCBuildConfiguration section */
		D0BEC31B2B6B79E60050E007 /* Debug */ = {
			isa = XCBuildConfiguration;
			buildSettings = {
				ALWAYS_SEARCH_USER_PATHS = NO;
				CLANG_ANALYZER_NONNULL = YES;
				CLANG_ANALYZER_NUMBER_OBJECT_CONVERSION = YES_AGGRESSIVE;
				CLANG_CXX_LANGUAGE_STANDARD = "gnu++20";
				CLANG_ENABLE_MODULES = YES;
				CLANG_ENABLE_OBJC_ARC = YES;
				CLANG_ENABLE_OBJC_WEAK = YES;
				CLANG_WARN_BLOCK_CAPTURE_AUTORELEASING = YES;
				CLANG_WARN_BOOL_CONVERSION = YES;
				CLANG_WARN_COMMA = YES;
				CLANG_WARN_CONSTANT_CONVERSION = YES;
				CLANG_WARN_DEPRECATED_OBJC_IMPLEMENTATIONS = YES;
				CLANG_WARN_DIRECT_OBJC_ISA_USAGE = YES_ERROR;
				CLANG_WARN_DOCUMENTATION_COMMENTS = YES;
				CLANG_WARN_EMPTY_BODY = YES;
				CLANG_WARN_ENUM_CONVERSION = YES;
				CLANG_WARN_INFINITE_RECURSION = YES;
				CLANG_WARN_INT_CONVERSION = YES;
				CLANG_WARN_NON_LITERAL_NULL_CONVERSION = YES;
				CLANG_WARN_OBJC_IMPLICIT_RETAIN_SELF = YES;
				CLANG_WARN_OBJC_LITERAL_CONVERSION = YES;
				CLANG_WARN_OBJC_ROOT_CLASS = YES_ERROR;
				CLANG_WARN_QUOTED_INCLUDE_IN_FRAMEWORK_HEADER = YES;
				CLANG_WARN_RANGE_LOOP_ANALYSIS = YES;
				CLANG_WARN_STRICT_PROTOTYPES = YES;
				CLANG_WARN_SUSPICIOUS_MOVE = YES;
				CLANG_WARN_UNGUARDED_AVAILABILITY = YES_AGGRESSIVE;
				CLANG_WARN_UNREACHABLE_CODE = YES;
				CLANG_WARN__DUPLICATE_METHOD_MATCH = YES;
				COPY_PHASE_STRIP = NO;
				DEBUG_INFORMATION_FORMAT = dwarf;
				ENABLE_STRICT_OBJC_MSGSEND = YES;
				ENABLE_TESTABILITY = YES;
				GCC_C_LANGUAGE_STANDARD = gnu11;
				GCC_DYNAMIC_NO_PIC = NO;
				GCC_NO_COMMON_BLOCKS = YES;
				GCC_OPTIMIZATION_LEVEL = 0;
				GCC_PREPROCESSOR_DEFINITIONS = (
					"DEBUG=1",
					"$(inherited)",
				);
				GCC_WARN_64_TO_32_BIT_CONVERSION = YES;
				GCC_WARN_ABOUT_RETURN_TYPE = YES_ERROR;
				GCC_WARN_UNDECLARED_SELECTOR = YES;
				GCC_WARN_UNINITIALIZED_AUTOS = YES_AGGRESSIVE;
				GCC_WARN_UNUSED_FUNCTION = YES;
				GCC_WARN_UNUSED_VARIABLE = YES;
				IPHONEOS_DEPLOYMENT_TARGET = 16.4;
				MTL_ENABLE_DEBUG_INFO = INCLUDE_SOURCE;
				MTL_FAST_MATH = YES;
				ONLY_ACTIVE_ARCH = YES;
				SDKROOT = iphoneos;
				SWIFT_ACTIVE_COMPILATION_CONDITIONS = DEBUG;
				SWIFT_OPTIMIZATION_LEVEL = "-Onone";
			};
			name = Debug;
		};
		D0BEC31C2B6B79E60050E007 /* Release */ = {
			isa = XCBuildConfiguration;
			buildSettings = {
				ALWAYS_SEARCH_USER_PATHS = NO;
				CLANG_ANALYZER_NONNULL = YES;
				CLANG_ANALYZER_NUMBER_OBJECT_CONVERSION = YES_AGGRESSIVE;
				CLANG_CXX_LANGUAGE_STANDARD = "gnu++20";
				CLANG_ENABLE_MODULES = YES;
				CLANG_ENABLE_OBJC_ARC = YES;
				CLANG_ENABLE_OBJC_WEAK = YES;
				CLANG_WARN_BLOCK_CAPTURE_AUTORELEASING = YES;
				CLANG_WARN_BOOL_CONVERSION = YES;
				CLANG_WARN_COMMA = YES;
				CLANG_WARN_CONSTANT_CONVERSION = YES;
				CLANG_WARN_DEPRECATED_OBJC_IMPLEMENTATIONS = YES;
				CLANG_WARN_DIRECT_OBJC_ISA_USAGE = YES_ERROR;
				CLANG_WARN_DOCUMENTATION_COMMENTS = YES;
				CLANG_WARN_EMPTY_BODY = YES;
				CLANG_WARN_ENUM_CONVERSION = YES;
				CLANG_WARN_INFINITE_RECURSION = YES;
				CLANG_WARN_INT_CONVERSION = YES;
				CLANG_WARN_NON_LITERAL_NULL_CONVERSION = YES;
				CLANG_WARN_OBJC_IMPLICIT_RETAIN_SELF = YES;
				CLANG_WARN_OBJC_LITERAL_CONVERSION = YES;
				CLANG_WARN_OBJC_ROOT_CLASS = YES_ERROR;
				CLANG_WARN_QUOTED_INCLUDE_IN_FRAMEWORK_HEADER = YES;
				CLANG_WARN_RANGE_LOOP_ANALYSIS = YES;
				CLANG_WARN_STRICT_PROTOTYPES = YES;
				CLANG_WARN_SUSPICIOUS_MOVE = YES;
				CLANG_WARN_UNGUARDED_AVAILABILITY = YES_AGGRESSIVE;
				CLANG_WARN_UNREACHABLE_CODE = YES;
				CLANG_WARN__DUPLICATE_METHOD_MATCH = YES;
				COPY_PHASE_STRIP = NO;
				DEBUG_INFORMATION_FORMAT = "dwarf-with-dsym";
				ENABLE_NS_ASSERTIONS = NO;
				ENABLE_STRICT_OBJC_MSGSEND = YES;
				GCC_C_LANGUAGE_STANDARD = gnu11;
				GCC_NO_COMMON_BLOCKS = YES;
				GCC_WARN_64_TO_32_BIT_CONVERSION = YES;
				GCC_WARN_ABOUT_RETURN_TYPE = YES_ERROR;
				GCC_WARN_UNDECLARED_SELECTOR = YES;
				GCC_WARN_UNINITIALIZED_AUTOS = YES_AGGRESSIVE;
				GCC_WARN_UNUSED_FUNCTION = YES;
				GCC_WARN_UNUSED_VARIABLE = YES;
				IPHONEOS_DEPLOYMENT_TARGET = 16.4;
				MTL_ENABLE_DEBUG_INFO = NO;
				MTL_FAST_MATH = YES;
				SDKROOT = iphoneos;
				SWIFT_COMPILATION_MODE = wholemodule;
				SWIFT_OPTIMIZATION_LEVEL = "-O";
				VALIDATE_PRODUCT = YES;
			};
			name = Release;
		};
		D0BEC31E2B6B79E60050E007 /* Debug */ = {
			isa = XCBuildConfiguration;
			buildSettings = {
				ASSETCATALOG_COMPILER_APPICON_NAME = AppIcon;
				ASSETCATALOG_COMPILER_GLOBAL_ACCENT_COLOR_NAME = AccentColor;
				CODE_SIGN_STYLE = Automatic;
				CURRENT_PROJECT_VERSION = 1;
				DEVELOPMENT_ASSET_PATHS = "\"UpnBe/Preview Content\"";
				DEVELOPMENT_TEAM = JPCDXBVSAH;
				ENABLE_PREVIEWS = YES;
				GENERATE_INFOPLIST_FILE = YES;
				INFOPLIST_FILE = UpnBe/Resources/Info.plist;
				INFOPLIST_KEY_UIApplicationSceneManifest_Generation = YES;
				INFOPLIST_KEY_UIApplicationSupportsIndirectInputEvents = YES;
				INFOPLIST_KEY_UILaunchScreen_Generation = YES;
				INFOPLIST_KEY_UISupportedInterfaceOrientations_iPad = "UIInterfaceOrientationPortrait UIInterfaceOrientationPortraitUpsideDown UIInterfaceOrientationLandscapeLeft UIInterfaceOrientationLandscapeRight";
				INFOPLIST_KEY_UISupportedInterfaceOrientations_iPhone = "UIInterfaceOrientationPortrait UIInterfaceOrientationLandscapeLeft UIInterfaceOrientationLandscapeRight";
				LD_RUNPATH_SEARCH_PATHS = (
					"$(inherited)",
					"@executable_path/Frameworks",
				);
				MARKETING_VERSION = 1.0;
				PRODUCT_BUNDLE_IDENTIFIER = com.rarla.UpnBe;
				PRODUCT_NAME = "$(TARGET_NAME)";
				SWIFT_EMIT_LOC_STRINGS = YES;
				SWIFT_VERSION = 5.0;
				TARGETED_DEVICE_FAMILY = "1,2";
			};
			name = Debug;
		};
		D0BEC31F2B6B79E60050E007 /* Release */ = {
			isa = XCBuildConfiguration;
			buildSettings = {
				ASSETCATALOG_COMPILER_APPICON_NAME = AppIcon;
				ASSETCATALOG_COMPILER_GLOBAL_ACCENT_COLOR_NAME = AccentColor;
				CODE_SIGN_STYLE = Automatic;
				CURRENT_PROJECT_VERSION = 1;
				DEVELOPMENT_ASSET_PATHS = "\"UpnBe/Preview Content\"";
				DEVELOPMENT_TEAM = JPCDXBVSAH;
				ENABLE_PREVIEWS = YES;
				GENERATE_INFOPLIST_FILE = YES;
				INFOPLIST_FILE = UpnBe/Resources/Info.plist;
				INFOPLIST_KEY_UIApplicationSceneManifest_Generation = YES;
				INFOPLIST_KEY_UIApplicationSupportsIndirectInputEvents = YES;
				INFOPLIST_KEY_UILaunchScreen_Generation = YES;
				INFOPLIST_KEY_UISupportedInterfaceOrientations_iPad = "UIInterfaceOrientationPortrait UIInterfaceOrientationPortraitUpsideDown UIInterfaceOrientationLandscapeLeft UIInterfaceOrientationLandscapeRight";
				INFOPLIST_KEY_UISupportedInterfaceOrientations_iPhone = "UIInterfaceOrientationPortrait UIInterfaceOrientationLandscapeLeft UIInterfaceOrientationLandscapeRight";
				LD_RUNPATH_SEARCH_PATHS = (
					"$(inherited)",
					"@executable_path/Frameworks",
				);
				MARKETING_VERSION = 1.0;
				PRODUCT_BUNDLE_IDENTIFIER = com.rarla.UpnBe;
				PRODUCT_NAME = "$(TARGET_NAME)";
				SWIFT_EMIT_LOC_STRINGS = YES;
				SWIFT_VERSION = 5.0;
				TARGETED_DEVICE_FAMILY = "1,2";
			};
			name = Release;
		};
/* End XCBuildConfiguration section */

/* Begin XCConfigurationList section */
		D0BEC30A2B6B79E50050E007 /* Build configuration list for PBXProject "UpnBe" */ = {
			isa = XCConfigurationList;
			buildConfigurations = (
				D0BEC31B2B6B79E60050E007 /* Debug */,
				D0BEC31C2B6B79E60050E007 /* Release */,
			);
			defaultConfigurationIsVisible = 0;
			defaultConfigurationName = Release;
		};
		D0BEC31D2B6B79E60050E007 /* Build configuration list for PBXNativeTarget "UpnBe" */ = {
			isa = XCConfigurationList;
			buildConfigurations = (
				D0BEC31E2B6B79E60050E007 /* Debug */,
				D0BEC31F2B6B79E60050E007 /* Release */,
			);
			defaultConfigurationIsVisible = 0;
			defaultConfigurationName = Release;
		};
/* End XCConfigurationList section */
	};
	rootObject = D0BEC3072B6B79E50050E007 /* Project object */;
}
