// !$*UTF8*$!
{
	archiveVersion = 1;
	classes = {
	};
	objectVersion = 56;
	objects = {

/* Begin PBXBuildFile section */
		D0BEC3132B6B79E50050E007 /* UpnBeApp.swift in Sources */ = {isa = PBXBuildFile; fileRef = D0BEC3122B6B79E50050E007 /* UpnBeApp.swift */; };
		D0BEC3152B6B79E50050E007 /* ContentView.swift in Sources */ = {isa = PBXBuildFile; fileRef = D0BEC3142B6B79E50050E007 /* ContentView.swift */; };
		D0BEC3172B6B79E60050E007 /* Assets.xcassets in Resources */ = {isa = PBXBuildFile; fileRef = D0BEC3162B6B79E60050E007 /* Assets.xcassets */; };
		D0BEC31A2B6B79E60050E007 /* Preview Assets.xcassets in Resources */ = {isa = PBXBuildFile; fileRef = D0BEC3192B6B79E60050E007 /* Preview Assets.xcassets */; };
		D0BEC3212B6B7C500050E007 /* UIColor.swift in Sources */ = {isa = PBXBuildFile; fileRef = D0BEC3202B6B7C500050E007 /* UIColor.swift */; };
		D0BEC3252B6B82820050E007 /* Font.swift in Sources */ = {isa = PBXBuildFile; fileRef = D0BEC3242B6B82820050E007 /* Font.swift */; };
		D0BEC32E2B6B86540050E007 /* NotoSans-ExtraBold.ttf in Resources */ = {isa = PBXBuildFile; fileRef = D0BEC3292B6B86540050E007 /* NotoSans-ExtraBold.ttf */; };
		D0BEC32F2B6B86540050E007 /* NotoSans-Medium.ttf in Resources */ = {isa = PBXBuildFile; fileRef = D0BEC32B2B6B86540050E007 /* NotoSans-Medium.ttf */; };
/* End PBXBuildFile section */

/* Begin PBXFileReference section */
		D0BEC30F2B6B79E50050E007 /* UpnBe.app */ = {isa = PBXFileReference; explicitFileType = wrapper.application; includeInIndex = 0; path = UpnBe.app; sourceTree = BUILT_PRODUCTS_DIR; };
		D0BEC3122B6B79E50050E007 /* UpnBeApp.swift */ = {isa = PBXFileReference; lastKnownFileType = sourcecode.swift; path = UpnBeApp.swift; sourceTree = "<group>"; };
		D0BEC3142B6B79E50050E007 /* ContentView.swift */ = {isa = PBXFileReference; lastKnownFileType = sourcecode.swift; path = ContentView.swift; sourceTree = "<group>"; };
		D0BEC3162B6B79E60050E007 /* Assets.xcassets */ = {isa = PBXFileReference; lastKnownFileType = folder.assetcatalog; path = Assets.xcassets; sourceTree = "<group>"; };
		D0BEC3192B6B79E60050E007 /* Preview Assets.xcassets */ = {isa = PBXFileReference; lastKnownFileType = folder.assetcatalog; path = "Preview Assets.xcassets"; sourceTree = "<group>"; };
		D0BEC3202B6B7C500050E007 /* UIColor.swift */ = {isa = PBXFileReference; lastKnownFileType = sourcecode.swift; path = UIColor.swift; sourceTree = "<group>"; };
		D0BEC3242B6B82820050E007 /* Font.swift */ = {isa = PBXFileReference; lastKnownFileType = sourcecode.swift; path = Font.swift; sourceTree = "<group>"; };
		D0BEC3292B6B86540050E007 /* NotoSans-ExtraBold.ttf */ = {isa = PBXFileReference; lastKnownFileType = file; path = "NotoSans-ExtraBold.ttf"; sourceTree = "<group>"; };
		D0BEC32B2B6B86540050E007 /* NotoSans-Medium.ttf */ = {isa = PBXFileReference; lastKnownFileType = file; path = "NotoSans-Medium.ttf"; sourceTree = "<group>"; };
		D0BEC3312B6B86920050E007 /* Info.plist */ = {isa = PBXFileReference; lastKnownFileType = text.plist; path = Info.plist; sourceTree = "<group>"; };
/* End PBXFileReference section */

/* Begin PBXFrameworksBuildPhase section */
		D0BEC30C2B6B79E50050E007 /* Frameworks */ = {
			isa = PBXFrameworksBuildPhase;
			buildActionMask = 2147483647;
			files = (
			);
			runOnlyForDeploymentPostprocessing = 0;
		};
/* End PBXFrameworksBuildPhase section */

/* Begin PBXGroup section */
		D0BEC3062B6B79E50050E007 = {
			isa = PBXGroup;
			children = (
				D0BEC3112B6B79E50050E007 /* UpnBe */,
				D0BEC3102B6B79E50050E007 /* Products */,
			);
			sourceTree = "<group>";
		};
		D0BEC3102B6B79E50050E007 /* Products */ = {
			isa = PBXGroup;
			children = (
				D0BEC30F2B6B79E50050E007 /* UpnBe.app */,
			);
			name = Products;
			sourceTree = "<group>";
		};
		D0BEC3112B6B79E50050E007 /* UpnBe */ = {
			isa = PBXGroup;
			children = (
				D0BEC3312B6B86920050E007 /* Info.plist */,
				D0BEC3122B6B79E50050E007 /* UpnBeApp.swift */,
				D0BEC3142B6B79E50050E007 /* ContentView.swift */,
				D0BEC3222B6B7C580050E007 /* Constants */,
				D0BEC3232B6B81880050E007 /* Resources */,
				D0BEC3182B6B79E60050E007 /* Preview Content */,
			);
			path = UpnBe;
			sourceTree = "<group>";
		};
		D0BEC3182B6B79E60050E007 /* Preview Content */ = {
			isa = PBXGroup;
			children = (
				D0BEC3192B6B79E60050E007 /* Preview Assets.xcassets */,
			);
			path = "Preview Content";
			sourceTree = "<group>";
		};
		D0BEC3222B6B7C580050E007 /* Constants */ = {
			isa = PBXGroup;
			children = (
				D0BEC3202B6B7C500050E007 /* UIColor.swift */,
				D0BEC3242B6B82820050E007 /* Font.swift */,
			);
			path = Constants;
			sourceTree = "<group>";
		};
		D0BEC3232B6B81880050E007 /* Resources */ = {
			isa = PBXGroup;
			children = (
				D0BEC3262B6B85FA0050E007 /* NotoSans */,
				D0BEC3162B6B79E60050E007 /* Assets.xcassets */,
			);
			path = Resources;
			sourceTree = "<group>";
		};
		D0BEC3262B6B85FA0050E007 /* NotoSans */ = {
			isa = PBXGroup;
			children = (
				D0BEC3292B6B86540050E007 /* NotoSans-ExtraBold.ttf */,
				D0BEC32B2B6B86540050E007 /* NotoSans-Medium.ttf */,
			);
			path = NotoSans;
			sourceTree = "<group>";
		};
/* End PBXGroup section */

/* Begin PBXNativeTarget section */
		D0BEC30E2B6B79E50050E007 /* UpnBe */ = {
			isa = PBXNativeTarget;
			buildConfigurationList = D0BEC31D2B6B79E60050E007 /* Build configuration list for PBXNativeTarget "UpnBe" */;
			buildPhases = (
				D0BEC30B2B6B79E50050E007 /* Sources */,
				D0BEC30C2B6B79E50050E007 /* Frameworks */,
				D0BEC30D2B6B79E50050E007 /* Resources */,
			);
			buildRules = (
			);
			dependencies = (
			);
			name = UpnBe;
			productName = UpnBe;
			productReference = D0BEC30F2B6B79E50050E007 /* UpnBe.app */;
			productType = "com.apple.product-type.application";
		};
/* End PBXNativeTarget section */

/* Begin PBXProject section */
		D0BEC3072B6B79E50050E007 /* Project object */ = {
			isa = PBXProject;
			attributes = {
				BuildIndependentTargetsInParallel = 1;
				LastSwiftUpdateCheck = 1430;
				LastUpgradeCheck = 1430;
				TargetAttributes = {
					D0BEC30E2B6B79E50050E007 = {
						CreatedOnToolsVersion = 14.3.1;
					};
				};
			};
			buildConfigurationList = D0BEC30A2B6B79E50050E007 /* Build configuration list for PBXProject "UpnBe" */;
			compatibilityVersion = "Xcode 14.0";
			developmentRegion = en;
			hasScannedForEncodings = 0;
			knownRegions = (
				en,
				Base,
			);
			mainGroup = D0BEC3062B6B79E50050E007;
			productRefGroup = D0BEC3102B6B79E50050E007 /* Products */;
			projectDirPath = "";
			projectRoot = "";
			targets = (
				D0BEC30E2B6B79E50050E007 /* UpnBe */,
			);
		};
/* End PBXProject section */

/* Begin PBXResourcesBuildPhase section */
		D0BEC30D2B6B79E50050E007 /* Resources */ = {
			isa = PBXResourcesBuildPhase;
			buildActionMask = 2147483647;
			files = (
				D0BEC31A2B6B79E60050E007 /* Preview Assets.xcassets in Resources */,
				D0BEC32E2B6B86540050E007 /* NotoSans-ExtraBold.ttf in Resources */,
				D0BEC3172B6B79E60050E007 /* Assets.xcassets in Resources */,
				D0BEC32F2B6B86540050E007 /* NotoSans-Medium.ttf in Resources */,
			);
			runOnlyForDeploymentPostprocessing = 0;
		};
/* End PBXResourcesBuildPhase section */

/* Begin PBXSourcesBuildPhase section */
		D0BEC30B2B6B79E50050E007 /* Sources */ = {
			isa = PBXSourcesBuildPhase;
			buildActionMask = 2147483647;
			files = (
				D0BEC3252B6B82820050E007 /* Font.swift in Sources */,
				D0BEC3152B6B79E50050E007 /* ContentView.swift in Sources */,
				D0BEC3212B6B7C500050E007 /* UIColor.swift in Sources */,
				D0BEC3132B6B79E50050E007 /* UpnBeApp.swift in Sources */,
			);
			runOnlyForDeploymentPostprocessing = 0;
		};
/* End PBXSourcesBuildPhase section */

/* Begin XCBuildConfiguration section */
		D0BEC31B2B6B79E60050E007 /* Debug */ = {
			isa = XCBuildConfiguration;
			buildSettings = {
				ALWAYS_SEARCH_USER_PATHS = NO;
				CLANG_ANALYZER_NONNULL = YES;
				CLANG_ANALYZER_NUMBER_OBJECT_CONVERSION = YES_AGGRESSIVE;
				CLANG_CXX_LANGUAGE_STANDARD = "gnu++20";
				CLANG_ENABLE_MODULES = YES;
				CLANG_ENABLE_OBJC_ARC = YES;
				CLANG_ENABLE_OBJC_WEAK = YES;
				CLANG_WARN_BLOCK_CAPTURE_AUTORELEASING = YES;
				CLANG_WARN_BOOL_CONVERSION = YES;
				CLANG_WARN_COMMA = YES;
				CLANG_WARN_CONSTANT_CONVERSION = YES;
				CLANG_WARN_DEPRECATED_OBJC_IMPLEMENTATIONS = YES;
				CLANG_WARN_DIRECT_OBJC_ISA_USAGE = YES_ERROR;
				CLANG_WARN_DOCUMENTATION_COMMENTS = YES;
				CLANG_WARN_EMPTY_BODY = YES;
				CLANG_WARN_ENUM_CONVERSION = YES;
				CLANG_WARN_INFINITE_RECURSION = YES;
				CLANG_WARN_INT_CONVERSION = YES;
				CLANG_WARN_NON_LITERAL_NULL_CONVERSION = YES;
				CLANG_WARN_OBJC_IMPLICIT_RETAIN_SELF = YES;
				CLANG_WARN_OBJC_LITERAL_CONVERSION = YES;
				CLANG_WARN_OBJC_ROOT_CLASS = YES_ERROR;
				CLANG_WARN_QUOTED_INCLUDE_IN_FRAMEWORK_HEADER = YES;
				CLANG_WARN_RANGE_LOOP_ANALYSIS = YES;
				CLANG_WARN_STRICT_PROTOTYPES = YES;
				CLANG_WARN_SUSPICIOUS_MOVE = YES;
				CLANG_WARN_UNGUARDED_AVAILABILITY = YES_AGGRESSIVE;
				CLANG_WARN_UNREACHABLE_CODE = YES;
				CLANG_WARN__DUPLICATE_METHOD_MATCH = YES;
				COPY_PHASE_STRIP = NO;
				DEBUG_INFORMATION_FORMAT = dwarf;
				ENABLE_STRICT_OBJC_MSGSEND = YES;
				ENABLE_TESTABILITY = YES;
				GCC_C_LANGUAGE_STANDARD = gnu11;
				GCC_DYNAMIC_NO_PIC = NO;
				GCC_NO_COMMON_BLOCKS = YES;
				GCC_OPTIMIZATION_LEVEL = 0;
				GCC_PREPROCESSOR_DEFINITIONS = (
					"DEBUG=1",
					"$(inherited)",
				);
				GCC_WARN_64_TO_32_BIT_CONVERSION = YES;
				GCC_WARN_ABOUT_RETURN_TYPE = YES_ERROR;
				GCC_WARN_UNDECLARED_SELECTOR = YES;
				GCC_WARN_UNINITIALIZED_AUTOS = YES_AGGRESSIVE;
				GCC_WARN_UNUSED_FUNCTION = YES;
				GCC_WARN_UNUSED_VARIABLE = YES;
				IPHONEOS_DEPLOYMENT_TARGET = 16.4;
				MTL_ENABLE_DEBUG_INFO = INCLUDE_SOURCE;
				MTL_FAST_MATH = YES;
				ONLY_ACTIVE_ARCH = YES;
				SDKROOT = iphoneos;
				SWIFT_ACTIVE_COMPILATION_CONDITIONS = DEBUG;
				SWIFT_OPTIMIZATION_LEVEL = "-Onone";
			};
			name = Debug;
		};
		D0BEC31C2B6B79E60050E007 /* Release */ = {
			isa = XCBuildConfiguration;
			buildSettings = {
				ALWAYS_SEARCH_USER_PATHS = NO;
				CLANG_ANALYZER_NONNULL = YES;
				CLANG_ANALYZER_NUMBER_OBJECT_CONVERSION = YES_AGGRESSIVE;
				CLANG_CXX_LANGUAGE_STANDARD = "gnu++20";
				CLANG_ENABLE_MODULES = YES;
				CLANG_ENABLE_OBJC_ARC = YES;
				CLANG_ENABLE_OBJC_WEAK = YES;
				CLANG_WARN_BLOCK_CAPTURE_AUTORELEASING = YES;
				CLANG_WARN_BOOL_CONVERSION = YES;
				CLANG_WARN_COMMA = YES;
				CLANG_WARN_CONSTANT_CONVERSION = YES;
				CLANG_WARN_DEPRECATED_OBJC_IMPLEMENTATIONS = YES;
				CLANG_WARN_DIRECT_OBJC_ISA_USAGE = YES_ERROR;
				CLANG_WARN_DOCUMENTATION_COMMENTS = YES;
				CLANG_WARN_EMPTY_BODY = YES;
				CLANG_WARN_ENUM_CONVERSION = YES;
				CLANG_WARN_INFINITE_RECURSION = YES;
				CLANG_WARN_INT_CONVERSION = YES;
				CLANG_WARN_NON_LITERAL_NULL_CONVERSION = YES;
				CLANG_WARN_OBJC_IMPLICIT_RETAIN_SELF = YES;
				CLANG_WARN_OBJC_LITERAL_CONVERSION = YES;
				CLANG_WARN_OBJC_ROOT_CLASS = YES_ERROR;
				CLANG_WARN_QUOTED_INCLUDE_IN_FRAMEWORK_HEADER = YES;
				CLANG_WARN_RANGE_LOOP_ANALYSIS = YES;
				CLANG_WARN_STRICT_PROTOTYPES = YES;
				CLANG_WARN_SUSPICIOUS_MOVE = YES;
				CLANG_WARN_UNGUARDED_AVAILABILITY = YES_AGGRESSIVE;
				CLANG_WARN_UNREACHABLE_CODE = YES;
				CLANG_WARN__DUPLICATE_METHOD_MATCH = YES;
				COPY_PHASE_STRIP = NO;
				DEBUG_INFORMATION_FORMAT = "dwarf-with-dsym";
				ENABLE_NS_ASSERTIONS = NO;
				ENABLE_STRICT_OBJC_MSGSEND = YES;
				GCC_C_LANGUAGE_STANDARD = gnu11;
				GCC_NO_COMMON_BLOCKS = YES;
				GCC_WARN_64_TO_32_BIT_CONVERSION = YES;
				GCC_WARN_ABOUT_RETURN_TYPE = YES_ERROR;
				GCC_WARN_UNDECLARED_SELECTOR = YES;
				GCC_WARN_UNINITIALIZED_AUTOS = YES_AGGRESSIVE;
				GCC_WARN_UNUSED_FUNCTION = YES;
				GCC_WARN_UNUSED_VARIABLE = YES;
				IPHONEOS_DEPLOYMENT_TARGET = 16.4;
				MTL_ENABLE_DEBUG_INFO = NO;
				MTL_FAST_MATH = YES;
				SDKROOT = iphoneos;
				SWIFT_COMPILATION_MODE = wholemodule;
				SWIFT_OPTIMIZATION_LEVEL = "-O";
				VALIDATE_PRODUCT = YES;
			};
			name = Release;
		};
		D0BEC31E2B6B79E60050E007 /* Debug */ = {
			isa = XCBuildConfiguration;
			buildSettings = {
				ASSETCATALOG_COMPILER_APPICON_NAME = AppIcon;
				ASSETCATALOG_COMPILER_GLOBAL_ACCENT_COLOR_NAME = AccentColor;
				CODE_SIGN_STYLE = Automatic;
				CURRENT_PROJECT_VERSION = 1;
				DEVELOPMENT_ASSET_PATHS = "\"UpnBe/Preview Content\"";
				DEVELOPMENT_TEAM = JPCDXBVSAH;
				ENABLE_PREVIEWS = YES;
				GENERATE_INFOPLIST_FILE = YES;
				INFOPLIST_FILE = UpnBe/Info.plist;
				INFOPLIST_KEY_UIApplicationSceneManifest_Generation = YES;
				INFOPLIST_KEY_UIApplicationSupportsIndirectInputEvents = YES;
				INFOPLIST_KEY_UILaunchScreen_Generation = YES;
				INFOPLIST_KEY_UISupportedInterfaceOrientations_iPad = "UIInterfaceOrientationPortrait UIInterfaceOrientationPortraitUpsideDown UIInterfaceOrientationLandscapeLeft UIInterfaceOrientationLandscapeRight";
				INFOPLIST_KEY_UISupportedInterfaceOrientations_iPhone = "UIInterfaceOrientationPortrait UIInterfaceOrientationLandscapeLeft UIInterfaceOrientationLandscapeRight";
				LD_RUNPATH_SEARCH_PATHS = (
					"$(inherited)",
					"@executable_path/Frameworks",
				);
				MARKETING_VERSION = 1.0;
				PRODUCT_BUNDLE_IDENTIFIER = com.rarla.UpnBe;
				PRODUCT_NAME = "$(TARGET_NAME)";
				SWIFT_EMIT_LOC_STRINGS = YES;
				SWIFT_VERSION = 5.0;
				TARGETED_DEVICE_FAMILY = "1,2";
			};
			name = Debug;
		};
		D0BEC31F2B6B79E60050E007 /* Release */ = {
			isa = XCBuildConfiguration;
			buildSettings = {
				ASSETCATALOG_COMPILER_APPICON_NAME = AppIcon;
				ASSETCATALOG_COMPILER_GLOBAL_ACCENT_COLOR_NAME = AccentColor;
				CODE_SIGN_STYLE = Automatic;
				CURRENT_PROJECT_VERSION = 1;
				DEVELOPMENT_ASSET_PATHS = "\"UpnBe/Preview Content\"";
				DEVELOPMENT_TEAM = JPCDXBVSAH;
				ENABLE_PREVIEWS = YES;
				GENERATE_INFOPLIST_FILE = YES;
				INFOPLIST_FILE = UpnBe/Info.plist;
				INFOPLIST_KEY_UIApplicationSceneManifest_Generation = YES;
				INFOPLIST_KEY_UIApplicationSupportsIndirectInputEvents = YES;
				INFOPLIST_KEY_UILaunchScreen_Generation = YES;
				INFOPLIST_KEY_UISupportedInterfaceOrientations_iPad = "UIInterfaceOrientationPortrait UIInterfaceOrientationPortraitUpsideDown UIInterfaceOrientationLandscapeLeft UIInterfaceOrientationLandscapeRight";
				INFOPLIST_KEY_UISupportedInterfaceOrientations_iPhone = "UIInterfaceOrientationPortrait UIInterfaceOrientationLandscapeLeft UIInterfaceOrientationLandscapeRight";
				LD_RUNPATH_SEARCH_PATHS = (
					"$(inherited)",
					"@executable_path/Frameworks",
				);
				MARKETING_VERSION = 1.0;
				PRODUCT_BUNDLE_IDENTIFIER = com.rarla.UpnBe;
				PRODUCT_NAME = "$(TARGET_NAME)";
				SWIFT_EMIT_LOC_STRINGS = YES;
				SWIFT_VERSION = 5.0;
				TARGETED_DEVICE_FAMILY = "1,2";
			};
			name = Release;
		};
/* End XCBuildConfiguration section */

/* Begin XCConfigurationList section */
		D0BEC30A2B6B79E50050E007 /* Build configuration list for PBXProject "UpnBe" */ = {
			isa = XCConfigurationList;
			buildConfigurations = (
				D0BEC31B2B6B79E60050E007 /* Debug */,
				D0BEC31C2B6B79E60050E007 /* Release */,
			);
			defaultConfigurationIsVisible = 0;
			defaultConfigurationName = Release;
		};
		D0BEC31D2B6B79E60050E007 /* Build configuration list for PBXNativeTarget "UpnBe" */ = {
			isa = XCConfigurationList;
			buildConfigurations = (
				D0BEC31E2B6B79E60050E007 /* Debug */,
				D0BEC31F2B6B79E60050E007 /* Release */,
			);
			defaultConfigurationIsVisible = 0;
			defaultConfigurationName = Release;
		};
/* End XCConfigurationList section */
	};
	rootObject = D0BEC3072B6B79E50050E007 /* Project object */;
}
